
Microsoft Visual Studio Solution File, Format Version 12.00
# Visual Studio Version 16
VisualStudioVersion = 16.0.31313.79
MinimumVisualStudioVersion = 10.0.40219.1
Project("{FAE04EC0-301F-11D3-BF4B-00C04F79EFBC}") = "SignalRDemoClient", "SignalRDemoClient.csproj", "{68ECAC32-6A48-4123-BFBD-9F8AB02F7945}"
EndProject
Global
	GlobalSection(SolutionConfigurationPlatforms) = preSolution
		Debug|Any CPU = Debug|Any CPU
		Release|Any CPU = Release|Any CPU
	EndGlobalSection
	GlobalSection(ProjectConfigurationPlatforms) = postSolution
		{68ECAC32-6A48-4123-BFBD-9F8AB02F7945}.Debug|Any CPU.ActiveCfg = Debug|Any CPU
		{68ECAC32-6A48-4123-BFBD-9F8AB02F7945}.Debug|Any CPU.Build.0 = Debug|Any CPU
		{68ECAC32-6A48-4123-BFBD-9F8AB02F7945}.Release|Any CPU.ActiveCfg = Release|Any CPU
		{68ECAC32-6A48-4123-BFBD-9F8AB02F7945}.Release|Any CPU.Build.0 = Release|Any CPU
	EndGlobalSection
	GlobalSection(SolutionProperties) = preSolution
		HideSolutionNode = FALSE
	EndGlobalSection
	GlobalSection(ExtensibilityGlobals) = postSolution
		SolutionGuid = {1B7D71D6-4352-447E-BB75-2727A12DF083}
	EndGlobalSection
EndGlobal
